
Microsoft Visual Studio Solution File, Format Version 12.00
# Visual Studio Version 17
VisualStudioVersion = 17.13.35825.156
MinimumVisualStudioVersion = 10.0.40219.1
Project("{FAE04EC0-301F-11D3-BF4B-00C04F79EFBC}") = "Aswap-back", "Aswap-back\Aswap-back.csproj", "{F470591E-8A24-4457-AA4F-F5398C2A971F}"
EndProject
Project("{FAE04EC0-301F-11D3-BF4B-00C04F79EFBC}") = "Tests-back", "Tests-back\Tests-back.csproj", "{2148E335-72E3-41D9-A924-CA36FBDACD2B}"
EndProject
Project("{FAE04EC0-301F-11D3-BF4B-00C04F79EFBC}") = "Domain", "Domain\Domain.csproj", "{2F78A5AC-18E8-43CF-96BF-4427B1AB6C29}"
EndProject
Project("{FAE04EC0-301F-11D3-BF4B-00C04F79EFBC}") = "App", "App\App.csproj", "{7BBF19DA-271B-4F17-8669-DAAA267FB792}"
EndProject
Project("{FAE04EC0-301F-11D3-BF4B-00C04F79EFBC}") = "Infrastructure", "Infrastructure\Infrastructure.csproj", "{35DC067D-5701-4990-ABB9-18E9DAFEFF04}"
EndProject
Global
	GlobalSection(SolutionConfigurationPlatforms) = preSolution
		Debug|Any CPU = Debug|Any CPU
		Release|Any CPU = Release|Any CPU
	EndGlobalSection
	GlobalSection(ProjectConfigurationPlatforms) = postSolution
		{F470591E-8A24-4457-AA4F-F5398C2A971F}.Debug|Any CPU.ActiveCfg = Debug|Any CPU
		{F470591E-8A24-4457-AA4F-F5398C2A971F}.Debug|Any CPU.Build.0 = Debug|Any CPU
		{F470591E-8A24-4457-AA4F-F5398C2A971F}.Release|Any CPU.ActiveCfg = Release|Any CPU
		{F470591E-8A24-4457-AA4F-F5398C2A971F}.Release|Any CPU.Build.0 = Release|Any CPU
		{2148E335-72E3-41D9-A924-CA36FBDACD2B}.Debug|Any CPU.ActiveCfg = Debug|Any CPU
		{2148E335-72E3-41D9-A924-CA36FBDACD2B}.Debug|Any CPU.Build.0 = Debug|Any CPU
		{2148E335-72E3-41D9-A924-CA36FBDACD2B}.Release|Any CPU.ActiveCfg = Release|Any CPU
		{2148E335-72E3-41D9-A924-CA36FBDACD2B}.Release|Any CPU.Build.0 = Release|Any CPU
		{2F78A5AC-18E8-43CF-96BF-4427B1AB6C29}.Debug|Any CPU.ActiveCfg = Debug|Any CPU
		{2F78A5AC-18E8-43CF-96BF-4427B1AB6C29}.Debug|Any CPU.Build.0 = Debug|Any CPU
		{2F78A5AC-18E8-43CF-96BF-4427B1AB6C29}.Release|Any CPU.ActiveCfg = Release|Any CPU
		{2F78A5AC-18E8-43CF-96BF-4427B1AB6C29}.Release|Any CPU.Build.0 = Release|Any CPU
		{7BBF19DA-271B-4F17-8669-DAAA267FB792}.Debug|Any CPU.ActiveCfg = Debug|Any CPU
		{7BBF19DA-271B-4F17-8669-DAAA267FB792}.Debug|Any CPU.Build.0 = Debug|Any CPU
		{7BBF19DA-271B-4F17-8669-DAAA267FB792}.Release|Any CPU.ActiveCfg = Release|Any CPU
		{7BBF19DA-271B-4F17-8669-DAAA267FB792}.Release|Any CPU.Build.0 = Release|Any CPU
		{35DC067D-5701-4990-ABB9-18E9DAFEFF04}.Debug|Any CPU.ActiveCfg = Debug|Any CPU
		{35DC067D-5701-4990-ABB9-18E9DAFEFF04}.Debug|Any CPU.Build.0 = Debug|Any CPU
		{35DC067D-5701-4990-ABB9-18E9DAFEFF04}.Release|Any CPU.ActiveCfg = Release|Any CPU
		{35DC067D-5701-4990-ABB9-18E9DAFEFF04}.Release|Any CPU.Build.0 = Release|Any CPU
	EndGlobalSection
	GlobalSection(SolutionProperties) = preSolution
		HideSolutionNode = FALSE
	EndGlobalSection
	GlobalSection(ExtensibilityGlobals) = postSolution
		SolutionGuid = {8A57D0E2-4E61-44E9-995E-8AAB41F552D6}
	EndGlobalSection
EndGlobal
